
Microsoft Visual Studio Solution File, Format Version 12.00
# Visual Studio Version 16
VisualStudioVersion = 16.0.30907.101
MinimumVisualStudioVersion = 10.0.40219.1
Project("{FAE04EC0-301F-11D3-BF4B-00C04F79EFBC}") = "Practice3", "Practice3.csproj", "{B3F7128E-3A2D-45A3-B47E-6841BDC4B398}"
EndProject
Global
	GlobalSection(SolutionConfigurationPlatforms) = preSolution
		Debug|Any CPU = Debug|Any CPU
		Release|Any CPU = Release|Any CPU
	EndGlobalSection
	GlobalSection(ProjectConfigurationPlatforms) = postSolution
		{B3F7128E-3A2D-45A3-B47E-6841BDC4B398}.Debug|Any CPU.ActiveCfg = Debug|Any CPU
		{B3F7128E-3A2D-45A3-B47E-6841BDC4B398}.Debug|Any CPU.Build.0 = Debug|Any CPU
		{B3F7128E-3A2D-45A3-B47E-6841BDC4B398}.Release|Any CPU.ActiveCfg = Release|Any CPU
		{B3F7128E-3A2D-45A3-B47E-6841BDC4B398}.Release|Any CPU.Build.0 = Release|Any CPU
	EndGlobalSection
	GlobalSection(SolutionProperties) = preSolution
		HideSolutionNode = FALSE
	EndGlobalSection
	GlobalSection(ExtensibilityGlobals) = postSolution
		SolutionGuid = {C3EE38FD-83CF-480A-AFFA-1B79A5FEF412}
	EndGlobalSection
EndGlobal
